<?xml version="1.0" encoding="UTF-8"?>
<Scheme
   version = "1.3">
   <BuildAction>
      <BuildActionEntries>
         <BuildActionEntry
            buildForRunning = "YES">
            <BuildableReference
               BuildableIdentifier = "primary"
               BlueprintIdentifier = "ABF6F87F2464DA9E00BCEEA5"
               BuildableName = "ArtistSearchObjC.app"
               BlueprintName = "ArtistSearchObjC"
               ReferencedContainer = "container:ArtistSearchObjC.xcodeproj">
            </BuildableReference>
         </BuildActionEntry>
      </BuildActionEntries>
   </BuildAction>
   <LaunchAction
      useCustomWorkingDirectory = "NO"
      buildConfiguration = "Debug"
      allowLocationSimulation = "YES">
      <BuildableProductRunnable>
         <BuildableReference
            BuildableIdentifier = "primary"
            BlueprintIdentifier = "ABF6F87F2464DA9E00BCEEA5"
            BuildableName = "ArtistSearchObjC.app"
            BlueprintName = "ArtistSearchObjC"
            ReferencedContainer = "container:ArtistSearchObjC.xcodeproj">
         </BuildableReference>
      </BuildableProductRunnable>
   </LaunchAction>
</Scheme>
